
Microsoft Visual Studio Solution File, Format Version 12.00
# Visual Studio Version 17
VisualStudioVersion = 17.11.34929.205
MinimumVisualStudioVersion = 10.0.40219.1
Project("{9A19103F-16F7-4668-BE54-9A1E7A4F7556}") = "Day01", "Day01\Day01.csproj", "{861FF352-095A-439F-8563-E8D23B9C72EF}"
EndProject
Project("{9A19103F-16F7-4668-BE54-9A1E7A4F7556}") = "Day02", "Day02\Day02.csproj", "{F0771FB4-A32B-460B-A4E4-62280272E7AD}"
EndProject
Project("{9A19103F-16F7-4668-BE54-9A1E7A4F7556}") = "Day03", "Day03\Day03.csproj", "{90F6E507-F2C8-41DF-B13F-CE48E6434B57}"
EndProject
Project("{9A19103F-16F7-4668-BE54-9A1E7A4F7556}") = "Day04", "Day04\Day04.csproj", "{D62883FE-134D-4681-AD56-DE4B50154D0E}"
EndProject
Project("{9A19103F-16F7-4668-BE54-9A1E7A4F7556}") = "Day05", "Day05\Day05.csproj", "{61BE74A5-87BC-4AE2-BE3B-4E493D7533C2}"
EndProject
Project("{9A19103F-16F7-4668-BE54-9A1E7A4F7556}") = "Day06", "Day06\Day06.csproj", "{BA726B04-5FA9-42F9-88E3-34FF20EE786D}"
EndProject
Project("{9A19103F-16F7-4668-BE54-9A1E7A4F7556}") = "Day07", "Day07\Day07.csproj", "{56F688AF-5295-4E3C-A4ED-9E8ADA9BEA64}"
EndProject
Project("{9A19103F-16F7-4668-BE54-9A1E7A4F7556}") = "Day08", "Day08\Day08.csproj", "{F3392349-6C1A-4328-BA12-5447A216AB2E}"
EndProject
Project("{9A19103F-16F7-4668-BE54-9A1E7A4F7556}") = "Day09", "Day09\Day09.csproj", "{54F762BA-9C28-4256-9A60-22A1FAB35457}"
EndProject
Project("{9A19103F-16F7-4668-BE54-9A1E7A4F7556}") = "Day10", "Day10\Day10.csproj", "{C1F067A0-17F4-434B-8C8F-A61D1F89AECE}"
EndProject
Project("{9A19103F-16F7-4668-BE54-9A1E7A4F7556}") = "Day11", "Day11\Day11.csproj", "{898B3333-D40E-47F6-A33B-254A01A3C1CB}"
EndProject
Project("{9A19103F-16F7-4668-BE54-9A1E7A4F7556}") = "Day12", "Day12\Day12.csproj", "{FB7D3C2E-9514-472F-91DF-AD9105F97CE4}"
EndProject
Project("{9A19103F-16F7-4668-BE54-9A1E7A4F7556}") = "Day13", "Day13\Day13.csproj", "{24BB33BA-C5BA-4B6E-8F9A-030021D31ACF}"
EndProject
Project("{9A19103F-16F7-4668-BE54-9A1E7A4F7556}") = "Day14", "Day14\Day14.csproj", "{CAB2D8FA-6F22-4F2A-8DB0-29B41F45A6CF}"
EndProject
Project("{9A19103F-16F7-4668-BE54-9A1E7A4F7556}") = "Day15", "Day15\Day15.csproj", "{2B74C436-51DB-431F-B26E-6F1FDFAD7F9D}"
EndProject
Project("{9A19103F-16F7-4668-BE54-9A1E7A4F7556}") = "Day17", "Day17\Day17.csproj", "{04B1BFCE-5775-4806-8BE5-DA9B48E6156F}"
EndProject
Project("{9A19103F-16F7-4668-BE54-9A1E7A4F7556}") = "Day18", "Day18\Day18.csproj", "{2C1CCC5E-BA7C-4BFA-9019-DC5CA4759FF2}"
EndProject
Project("{FAE04EC0-301F-11D3-BF4B-00C04F79EFBC}") = "Day19", "Day19\Day19.csproj", "{BC40F24E-290F-4107-8834-CC8B67140622}"
EndProject
Global
	GlobalSection(SolutionConfigurationPlatforms) = preSolution
		Debug|Any CPU = Debug|Any CPU
		Release|Any CPU = Release|Any CPU
	EndGlobalSection
	GlobalSection(ProjectConfigurationPlatforms) = postSolution
		{861FF352-095A-439F-8563-E8D23B9C72EF}.Debug|Any CPU.ActiveCfg = Debug|Any CPU
		{861FF352-095A-439F-8563-E8D23B9C72EF}.Debug|Any CPU.Build.0 = Debug|Any CPU
		{861FF352-095A-439F-8563-E8D23B9C72EF}.Release|Any CPU.ActiveCfg = Release|Any CPU
		{861FF352-095A-439F-8563-E8D23B9C72EF}.Release|Any CPU.Build.0 = Release|Any CPU
		{F0771FB4-A32B-460B-A4E4-62280272E7AD}.Debug|Any CPU.ActiveCfg = Debug|Any CPU
		{F0771FB4-A32B-460B-A4E4-62280272E7AD}.Debug|Any CPU.Build.0 = Debug|Any CPU
		{F0771FB4-A32B-460B-A4E4-62280272E7AD}.Release|Any CPU.ActiveCfg = Release|Any CPU
		{F0771FB4-A32B-460B-A4E4-62280272E7AD}.Release|Any CPU.Build.0 = Release|Any CPU
		{90F6E507-F2C8-41DF-B13F-CE48E6434B57}.Debug|Any CPU.ActiveCfg = Debug|Any CPU
		{90F6E507-F2C8-41DF-B13F-CE48E6434B57}.Debug|Any CPU.Build.0 = Debug|Any CPU
		{90F6E507-F2C8-41DF-B13F-CE48E6434B57}.Release|Any CPU.ActiveCfg = Release|Any CPU
		{90F6E507-F2C8-41DF-B13F-CE48E6434B57}.Release|Any CPU.Build.0 = Release|Any CPU
		{D62883FE-134D-4681-AD56-DE4B50154D0E}.Debug|Any CPU.ActiveCfg = Debug|Any CPU
		{D62883FE-134D-4681-AD56-DE4B50154D0E}.Debug|Any CPU.Build.0 = Debug|Any CPU
		{D62883FE-134D-4681-AD56-DE4B50154D0E}.Release|Any CPU.ActiveCfg = Release|Any CPU
		{D62883FE-134D-4681-AD56-DE4B50154D0E}.Release|Any CPU.Build.0 = Release|Any CPU
		{61BE74A5-87BC-4AE2-BE3B-4E493D7533C2}.Debug|Any CPU.ActiveCfg = Debug|Any CPU
		{61BE74A5-87BC-4AE2-BE3B-4E493D7533C2}.Debug|Any CPU.Build.0 = Debug|Any CPU
		{61BE74A5-87BC-4AE2-BE3B-4E493D7533C2}.Release|Any CPU.ActiveCfg = Release|Any CPU
		{61BE74A5-87BC-4AE2-BE3B-4E493D7533C2}.Release|Any CPU.Build.0 = Release|Any CPU
		{BA726B04-5FA9-42F9-88E3-34FF20EE786D}.Debug|Any CPU.ActiveCfg = Debug|Any CPU
		{BA726B04-5FA9-42F9-88E3-34FF20EE786D}.Debug|Any CPU.Build.0 = Debug|Any CPU
		{BA726B04-5FA9-42F9-88E3-34FF20EE786D}.Release|Any CPU.ActiveCfg = Release|Any CPU
		{BA726B04-5FA9-42F9-88E3-34FF20EE786D}.Release|Any CPU.Build.0 = Release|Any CPU
		{56F688AF-5295-4E3C-A4ED-9E8ADA9BEA64}.Debug|Any CPU.ActiveCfg = Debug|Any CPU
		{56F688AF-5295-4E3C-A4ED-9E8ADA9BEA64}.Debug|Any CPU.Build.0 = Debug|Any CPU
		{56F688AF-5295-4E3C-A4ED-9E8ADA9BEA64}.Release|Any CPU.ActiveCfg = Release|Any CPU
		{56F688AF-5295-4E3C-A4ED-9E8ADA9BEA64}.Release|Any CPU.Build.0 = Release|Any CPU
		{F3392349-6C1A-4328-BA12-5447A216AB2E}.Debug|Any CPU.ActiveCfg = Debug|Any CPU
		{F3392349-6C1A-4328-BA12-5447A216AB2E}.Debug|Any CPU.Build.0 = Debug|Any CPU
		{F3392349-6C1A-4328-BA12-5447A216AB2E}.Release|Any CPU.ActiveCfg = Release|Any CPU
		{F3392349-6C1A-4328-BA12-5447A216AB2E}.Release|Any CPU.Build.0 = Release|Any CPU
		{54F762BA-9C28-4256-9A60-22A1FAB35457}.Debug|Any CPU.ActiveCfg = Debug|Any CPU
		{54F762BA-9C28-4256-9A60-22A1FAB35457}.Debug|Any CPU.Build.0 = Debug|Any CPU
		{54F762BA-9C28-4256-9A60-22A1FAB35457}.Release|Any CPU.ActiveCfg = Release|Any CPU
		{54F762BA-9C28-4256-9A60-22A1FAB35457}.Release|Any CPU.Build.0 = Release|Any CPU
		{C1F067A0-17F4-434B-8C8F-A61D1F89AECE}.Debug|Any CPU.ActiveCfg = Debug|Any CPU
		{C1F067A0-17F4-434B-8C8F-A61D1F89AECE}.Debug|Any CPU.Build.0 = Debug|Any CPU
		{C1F067A0-17F4-434B-8C8F-A61D1F89AECE}.Release|Any CPU.ActiveCfg = Release|Any CPU
		{C1F067A0-17F4-434B-8C8F-A61D1F89AECE}.Release|Any CPU.Build.0 = Release|Any CPU
		{898B3333-D40E-47F6-A33B-254A01A3C1CB}.Debug|Any CPU.ActiveCfg = Debug|Any CPU
		{898B3333-D40E-47F6-A33B-254A01A3C1CB}.Debug|Any CPU.Build.0 = Debug|Any CPU
		{898B3333-D40E-47F6-A33B-254A01A3C1CB}.Release|Any CPU.ActiveCfg = Release|Any CPU
		{898B3333-D40E-47F6-A33B-254A01A3C1CB}.Release|Any CPU.Build.0 = Release|Any CPU
		{FB7D3C2E-9514-472F-91DF-AD9105F97CE4}.Debug|Any CPU.ActiveCfg = Debug|Any CPU
		{FB7D3C2E-9514-472F-91DF-AD9105F97CE4}.Debug|Any CPU.Build.0 = Debug|Any CPU
		{FB7D3C2E-9514-472F-91DF-AD9105F97CE4}.Release|Any CPU.ActiveCfg = Release|Any CPU
		{FB7D3C2E-9514-472F-91DF-AD9105F97CE4}.Release|Any CPU.Build.0 = Release|Any CPU
		{24BB33BA-C5BA-4B6E-8F9A-030021D31ACF}.Debug|Any CPU.ActiveCfg = Debug|Any CPU
		{24BB33BA-C5BA-4B6E-8F9A-030021D31ACF}.Debug|Any CPU.Build.0 = Debug|Any CPU
		{24BB33BA-C5BA-4B6E-8F9A-030021D31ACF}.Release|Any CPU.ActiveCfg = Release|Any CPU
		{24BB33BA-C5BA-4B6E-8F9A-030021D31ACF}.Release|Any CPU.Build.0 = Release|Any CPU
		{CAB2D8FA-6F22-4F2A-8DB0-29B41F45A6CF}.Debug|Any CPU.ActiveCfg = Debug|Any CPU
		{CAB2D8FA-6F22-4F2A-8DB0-29B41F45A6CF}.Debug|Any CPU.Build.0 = Debug|Any CPU
		{CAB2D8FA-6F22-4F2A-8DB0-29B41F45A6CF}.Release|Any CPU.ActiveCfg = Release|Any CPU
		{CAB2D8FA-6F22-4F2A-8DB0-29B41F45A6CF}.Release|Any CPU.Build.0 = Release|Any CPU
		{2B74C436-51DB-431F-B26E-6F1FDFAD7F9D}.Debug|Any CPU.ActiveCfg = Debug|Any CPU
		{2B74C436-51DB-431F-B26E-6F1FDFAD7F9D}.Debug|Any CPU.Build.0 = Debug|Any CPU
		{2B74C436-51DB-431F-B26E-6F1FDFAD7F9D}.Release|Any CPU.ActiveCfg = Release|Any CPU
		{2B74C436-51DB-431F-B26E-6F1FDFAD7F9D}.Release|Any CPU.Build.0 = Release|Any CPU
		{04B1BFCE-5775-4806-8BE5-DA9B48E6156F}.Debug|Any CPU.ActiveCfg = Debug|Any CPU
		{04B1BFCE-5775-4806-8BE5-DA9B48E6156F}.Debug|Any CPU.Build.0 = Debug|Any CPU
		{04B1BFCE-5775-4806-8BE5-DA9B48E6156F}.Release|Any CPU.ActiveCfg = Release|Any CPU
		{04B1BFCE-5775-4806-8BE5-DA9B48E6156F}.Release|Any CPU.Build.0 = Release|Any CPU
		{2C1CCC5E-BA7C-4BFA-9019-DC5CA4759FF2}.Debug|Any CPU.ActiveCfg = Debug|Any CPU
		{2C1CCC5E-BA7C-4BFA-9019-DC5CA4759FF2}.Debug|Any CPU.Build.0 = Debug|Any CPU
		{2C1CCC5E-BA7C-4BFA-9019-DC5CA4759FF2}.Release|Any CPU.ActiveCfg = Release|Any CPU
		{2C1CCC5E-BA7C-4BFA-9019-DC5CA4759FF2}.Release|Any CPU.Build.0 = Release|Any CPU
		{BC40F24E-290F-4107-8834-CC8B67140622}.Debug|Any CPU.ActiveCfg = Debug|Any CPU
		{BC40F24E-290F-4107-8834-CC8B67140622}.Debug|Any CPU.Build.0 = Debug|Any CPU
		{BC40F24E-290F-4107-8834-CC8B67140622}.Release|Any CPU.ActiveCfg = Release|Any CPU
		{BC40F24E-290F-4107-8834-CC8B67140622}.Release|Any CPU.Build.0 = Release|Any CPU
	EndGlobalSection
	GlobalSection(SolutionProperties) = preSolution
		HideSolutionNode = FALSE
	EndGlobalSection
	GlobalSection(ExtensibilityGlobals) = postSolution
		SolutionGuid = {56460A9C-D54C-4512-91A9-E7ABFD9E87BD}
	EndGlobalSection
EndGlobal
