
Microsoft Visual Studio Solution File, Format Version 12.00
# Visual Studio Version 17
VisualStudioVersion = 17.11.34929.205
MinimumVisualStudioVersion = 10.0.40219.1
Project("{9A19103F-16F7-4668-BE54-9A1E7A4F7556}") = "Day01", "Day01\Day01.csproj", "{861FF352-095A-439F-8563-E8D23B9C72EF}"
EndProject
Project("{9A19103F-16F7-4668-BE54-9A1E7A4F7556}") = "Day02", "Day02\Day02.csproj", "{F0771FB4-A32B-460B-A4E4-62280272E7AD}"
EndProject
Project("{9A19103F-16F7-4668-BE54-9A1E7A4F7556}") = "Day03", "Day03\Day03.csproj", "{90F6E507-F2C8-41DF-B13F-CE48E6434B57}"
EndProject
Project("{FAE04EC0-301F-11D3-BF4B-00C04F79EFBC}") = "Day04", "Day04\Day04.csproj", "{D62883FE-134D-4681-AD56-DE4B50154D0E}"
EndProject
Global
	GlobalSection(SolutionConfigurationPlatforms) = preSolution
		Debug|Any CPU = Debug|Any CPU
		Release|Any CPU = Release|Any CPU
	EndGlobalSection
	GlobalSection(ProjectConfigurationPlatforms) = postSolution
		{861FF352-095A-439F-8563-E8D23B9C72EF}.Debug|Any CPU.ActiveCfg = Debug|Any CPU
		{861FF352-095A-439F-8563-E8D23B9C72EF}.Debug|Any CPU.Build.0 = Debug|Any CPU
		{861FF352-095A-439F-8563-E8D23B9C72EF}.Release|Any CPU.ActiveCfg = Release|Any CPU
		{861FF352-095A-439F-8563-E8D23B9C72EF}.Release|Any CPU.Build.0 = Release|Any CPU
		{F0771FB4-A32B-460B-A4E4-62280272E7AD}.Debug|Any CPU.ActiveCfg = Debug|Any CPU
		{F0771FB4-A32B-460B-A4E4-62280272E7AD}.Debug|Any CPU.Build.0 = Debug|Any CPU
		{F0771FB4-A32B-460B-A4E4-62280272E7AD}.Release|Any CPU.ActiveCfg = Release|Any CPU
		{F0771FB4-A32B-460B-A4E4-62280272E7AD}.Release|Any CPU.Build.0 = Release|Any CPU
		{90F6E507-F2C8-41DF-B13F-CE48E6434B57}.Debug|Any CPU.ActiveCfg = Debug|Any CPU
		{90F6E507-F2C8-41DF-B13F-CE48E6434B57}.Debug|Any CPU.Build.0 = Debug|Any CPU
		{90F6E507-F2C8-41DF-B13F-CE48E6434B57}.Release|Any CPU.ActiveCfg = Release|Any CPU
		{90F6E507-F2C8-41DF-B13F-CE48E6434B57}.Release|Any CPU.Build.0 = Release|Any CPU
		{D62883FE-134D-4681-AD56-DE4B50154D0E}.Debug|Any CPU.ActiveCfg = Debug|Any CPU
		{D62883FE-134D-4681-AD56-DE4B50154D0E}.Debug|Any CPU.Build.0 = Debug|Any CPU
		{D62883FE-134D-4681-AD56-DE4B50154D0E}.Release|Any CPU.ActiveCfg = Release|Any CPU
		{D62883FE-134D-4681-AD56-DE4B50154D0E}.Release|Any CPU.Build.0 = Release|Any CPU
	EndGlobalSection
	GlobalSection(SolutionProperties) = preSolution
		HideSolutionNode = FALSE
	EndGlobalSection
	GlobalSection(ExtensibilityGlobals) = postSolution
		SolutionGuid = {56460A9C-D54C-4512-91A9-E7ABFD9E87BD}
	EndGlobalSection
EndGlobal
