
Microsoft Visual Studio Solution File, Format Version 12.00
# Visual Studio Version 16
VisualStudioVersion = 16.0.31624.102
MinimumVisualStudioVersion = 10.0.40219.1
Project("{9A19103F-16F7-4668-BE54-9A1E7A4F7556}") = "day1\q1", "day1\day1q1.csproj", "{40798792-E473-4F9F-B909-C2999798CF7D}"
EndProject
Global
	GlobalSection(SolutionConfigurationPlatforms) = preSolution
		Debug|Any CPU = Debug|Any CPU
		Release|Any CPU = Release|Any CPU
	EndGlobalSection
	GlobalSection(ProjectConfigurationPlatforms) = postSolution
		{40798792-E473-4F9F-B909-C2999798CF7D}.Debug|Any CPU.ActiveCfg = Debug|Any CPU
		{40798792-E473-4F9F-B909-C2999798CF7D}.Debug|Any CPU.Build.0 = Debug|Any CPU
		{40798792-E473-4F9F-B909-C2999798CF7D}.Release|Any CPU.ActiveCfg = Release|Any CPU
		{40798792-E473-4F9F-B909-C2999798CF7D}.Release|Any CPU.Build.0 = Release|Any CPU
	EndGlobalSection
	GlobalSection(SolutionProperties) = preSolution
		HideSolutionNode = FALSE
	EndGlobalSection
	GlobalSection(ExtensibilityGlobals) = postSolution
		SolutionGuid = {1BF3C3AC-5BFC-4C6A-951D-74405A31B9B4}
	EndGlobalSection
EndGlobal
